
Microsoft Visual Studio Solution File, Format Version 12.00
# Visual Studio 14
VisualStudioVersion = 14.0.25420.1
MinimumVisualStudioVersion = 10.0.40219.1
Project("{FAE04EC0-301F-11D3-BF4B-00C04F79EFBC}") = "TM03", "TM03\TM03.csproj", "{534DF647-CFFC-4537-B6F3-2895D385DB4D}"
EndProject
Global
	GlobalSection(SolutionConfigurationPlatforms) = preSolution
		Debug|Any CPU = Debug|Any CPU
		Release|Any CPU = Release|Any CPU
	EndGlobalSection
	GlobalSection(ProjectConfigurationPlatforms) = postSolution
		{534DF647-CFFC-4537-B6F3-2895D385DB4D}.Debug|Any CPU.ActiveCfg = Debug|Any CPU
		{534DF647-CFFC-4537-B6F3-2895D385DB4D}.Debug|Any CPU.Build.0 = Debug|Any CPU
		{534DF647-CFFC-4537-B6F3-2895D385DB4D}.Release|Any CPU.ActiveCfg = Release|Any CPU
		{534DF647-CFFC-4537-B6F3-2895D385DB4D}.Release|Any CPU.Build.0 = Release|Any CPU
	EndGlobalSection
	GlobalSection(SolutionProperties) = preSolution
		HideSolutionNode = FALSE
	EndGlobalSection
EndGlobal
